github.com/DataDog/zstd v1.5.7 h1:ybO8RBeh29qrxIhCA9E8gKY6xfONU9T6G6aP9DTKfLE=
github.com/ProjectZKM/Ziren/crates/go-runtime/zkvm_runtime v0.0.0-20251230134950-44c893854e3f h1:a5PUgHGinaD6XrLmIDLQmGHocjIjBsBAcR5gALjZvMU=
github.com/beorn7/perks v1.0.1 h1:VlbKKnNfV8bJzeqoa4cOKqO6bYr3WgKZxO8Z16+hsOM=
github.com/btcsuite/btcd/btcutil v1.1.6 h1:zFL2+c3Lb9gEgqKNzowKUPQNb8jV7v5Oaodi/AYFd6c=
github.com/btcsuite/btcutil v1.0.2 h1:9iZ1Terx9fMIOtq1VrwdqfsATL9MC2l8ZrUY6YZ2uts=
github.com/cenkalti/backoff/v5 v5.0.3 h1:ZN+IMa753KfX5hd8vVaMixjnqRZ3y8CuJKRKj1xcsSM=
github.com/cespare/xxhash/v2 v2.3.0 h1:UL815xU9SqsFlibzuggzjXhog7bL6oX9BbNZnL2UFvs=
github.com/cloudflare/circl v1.6.2 h1:hL7VBpHHKzrV5WTfHCaBsgx/HGbBYlgrwvNXEVDYYsQ=
github.com/cockroachdb/datadriven v1.0.3-0.20230413201302-be42291fc80f h1:otljaYPt5hWxV3MUfO5dFPFiOXg9CyG5/kCfayTqsJ4=
github.com/cockroachdb/errors v1.12.0 h1:d7oCs6vuIMUQRVbi6jWWWEJZahLCfJpnJSVobd1/sUo=
github.com/cockroachdb/fifo v0.0.0-20240816210425-c5d0cb0b6fc0 h1:pU88SPhIFid6/k0egdR5V6eALQYq2qbSmukrkgIh/0A=
github.com/cockroachdb/logtags v0.0.0-20241215232642-bb51bb14a506 h1:ASDL+UJcILMqgNeV5jiqR4j+sTuvQNHdf2chuKj1M5k=
github.com/cockroachdb/pebble v1.1.5 h1:5AAWCBWbat0uE0blr8qzufZP5tBjkRyy/jWe1QWLnvw=
github.com/cockroachdb/redact v1.1.6 h1:zXJBwDZ84xJNlHl1rMyCojqyIxv+7YUpQiJLQ7n4314=
github.com/cockroachdb/tokenbucket v0.0.0-20250429170803-42689b6311bb h1:3bCgBvB8PbJVMX1ouCcSIxvsqKPYM7gs72o0zC76n9g=
github.com/davecgh/go-spew v1.1.2-0.20180830191138-d8f796af33cc h1:U9qPSI2PIWSS1VwoXQT9A3Wy9MM3WgvqSxFWenqJduM=
github.com/decred/dcrd/crypto/blake256 v1.1.0 h1:zPMNGQCm0g4QTY27fOCorQW7EryeQ/U0x++OzVrdms8=
github.com/decred/dcrd/dcrec/secp256k1/v4 v4.4.0 h1:NMZiJj8QnKe1LgsbDayM4UoHwbvwDRwnI3hwNaAHRnc=
github.com/dgraph-io/badger/v4 v4.9.0 h1:tpqWb0NewSrCYqTvywbcXOhQdWcqephkVkbBmaaqHzc=
github.com/dgraph-io/ristretto/v2 v2.3.0 h1:qTQ38m7oIyd4GAed/QkUZyPFNMnvVWyazGXRwvOt5zk=
github.com/dgryski/go-farm v0.0.0-20240924180020-3414d57e47da h1:aIftn67I1fkbMa512G+w+Pxci9hJPB8oMnkcP3iZF38=
github.com/dustin/go-humanize v1.0.1 h1:GzkhY7T5VNhEkwH0PVJgjz+fX1rhBrR7pRT3mDkpeCY=
github.com/fsnotify/fsnotify v1.9.0 h1:2Ml+OJNzbYCTzsxtv8vKSFD9PbJjmhYF14k/jKC7S9k=
github.com/getsentry/sentry-go v0.40.0 h1:VTJMN9zbTvqDqPwheRVLcp0qcUcM+8eFivvGocAaSbo=
github.com/go-errors/errors v1.4.2 h1:J6MZopCL4uSllY1OfXM374weqZFFItUbrImctkmUxIA=
github.com/go-logr/logr v1.4.3 h1:CjnDlHq8ikf6E492q6eKboGOC0T8CDaOvkHCIg8idEI=
github.com/go-logr/stdr v1.2.2 h1:hSWxHoqTgW2S2qGc0LTAI563KZ5YKYRhT3MFKZMbjag=
github.com/gogo/protobuf v1.3.2 h1:Ov1cvc58UF3b5XjBnZv7+opcTcQFZebYjWzi34vdm4Q=
github.com/golang/mock v1.7.0-rc.1 h1:YojYx61/OLFsiv6Rw1Z96LpldJIy31o+UHmwAUMJ6/U=
github.com/golang/protobuf v1.5.4 h1:i7eJL8qZTpSEXOPTxNKhASYpMn+8e5Q6AdndVa1dWek=
github.com/golang/snappy v1.0.0 h1:Oy607GVXHs7RtbggtPBnr2RmDArIsAefDwvrdWvRhGs=
github.com/google/btree v1.1.3 h1:CVpQJjYgC4VbzxeGVHfvZrv1ctoYCAI8vbl07Fcxlyg=
github.com/google/flatbuffers v25.12.19+incompatible h1:haMV2JRRJCe1998HeW/p0X9UaMTK6SDo0ffLn2+DbLs=
github.com/google/go-cmp v0.7.0 h1:wk8382ETsv4JYUZwIsn6YpYiWiBsYLSJiTsyBybVuN8=
github.com/google/renameio/v2 v2.0.0 h1:UifI23ZTGY8Tt29JbYFiuyIU3eX+RNFtUwefq9qAhxg=
github.com/google/uuid v1.6.0 h1:NIvaJDMOsjHA8n1jAhLSgzrAzy1Hgr+hNrb57e+94F0=
github.com/gorilla/mux v1.8.1 h1:TuBL49tXwgrFYWhqrNgrUNEY92u81SPhu7sTdzQEiWY=
github.com/gorilla/rpc v1.2.1 h1:yC+LMV5esttgpVvNORL/xX4jvTTEUE30UZhZ5JF7K9k=
github.com/gorilla/websocket v1.5.4-0.20250319132907-e064f32e3674 h1:JeSE6pjso5THxAzdVpqr6/geYxZytqFMBCOtn/ujyeo=
github.com/grpc-ecosystem/grpc-gateway/v2 v2.27.4 h1:kEISI/Gx67NzH3nJxAmY/dGac80kKZgZt134u7Y/k1s=
github.com/holiman/uint256 v1.3.2 h1:a9EgMPSC1AAaj1SZL5zIQD3WbwTuHrMGOerLjGmM/TA=
github.com/klauspost/compress v1.18.2 h1:iiPHWW0YrcFgpBYhsA6D1+fqHssJscY/Tm/y2Uqnapk=
github.com/kr/pretty v0.3.1 h1:flRD4NNwYAUpkphVc1HcthR4KEIFJ65n8Mw5qdRn3LE=
github.com/kr/text v0.2.0 h1:5Nx0Ya0ZqY2ygV366QzturHI13Jq95ApcVaJBhpS+AY=
github.com/kylelemons/godebug v1.1.0 h1:RPNrshWIDI6G2gRW9EHilWtl7Z6Sb1BR0xunSBf0SNc=
github.com/luxfi/cache v1.1.0 h1:6LUyGGZ+rrMAJBbAU6+UwkcamXj3zsboRUodIof2Ong=
github.com/luxfi/codec v1.0.4 h1:VvX0dfXcRznTFAohFj9aGiuipTQ8IfFYIKFDoqSwkkY=
github.com/luxfi/codec v1.0.4/go.mod h1:jeBaoj/RjO543/huHkufiSY+xjzT7LGIlAGMuLJPZQE=
github.com/luxfi/consensus v1.22.51 h1:ul7YqQEjsdTCOPxH50Dk3C82DDVNIM4tyQNKYyeFy6M=
github.com/luxfi/constants v1.4.3 h1:bcqUO8twMOhHWCgN/RbjfWulVPbvUQcxDkssaRrCx4g=
github.com/luxfi/crypto v1.17.38 h1:PZ52opsm3ECvyKsR2pLSsKONCey+FqpN0ZEwu+KMdO4=
github.com/luxfi/database v1.2.17 h1:1PE0FlAarorfAMl+vAvO6EDbkS+a4ktL7kvtRk58DWY=
github.com/luxfi/genesis v1.4.7 h1:v+2rYwpZXY/2bfaIca8lj7oMueS14fPHHGnJMHr6woY=
github.com/luxfi/genesis v1.4.7/go.mod h1:kns8O17CH6rjVwS+JI5nGzSL7VuqxDArVFVOmj8t07E=
github.com/luxfi/geth v1.16.69 h1:CHO6xTZ+A+3itk94ts4uyVRJajNVP3RxWTjJp5qGOlk=
github.com/luxfi/ids v1.2.9 h1:+yjdhXW99drnd2Zlp1u/p8k3G23W3/1btJQ4ogHawUI=
github.com/luxfi/log v1.2.1 h1:L2JM8MjGPF8rBnY+EXODS9x5OQTGSgeQ1SPFmeB+oPY=
github.com/luxfi/math v1.2.3 h1:BgvIFw/srPXFLbcqtoDhLJOfmBsn86GPA1iWgsoyUb4=
github.com/luxfi/math/big v0.1.0 h1:Vz4c0RsZVPdIKPsHPgAJChH/R3p15WHRUz7LkLf+NIQ=
github.com/luxfi/metric v1.4.8 h1:mMbcJW+E1z6qQxn34+BE109HlvT6ciiDXuc10qEBJRs=
github.com/luxfi/mock v0.1.0 h1:IwElfNu+T9sXvzFX6tudPDx1vqPuACRSRdxpD5lxW+o=
github.com/luxfi/node v1.22.14 h1:hravEERCTm9/W6pRZyLJ+c97K/HHwHIK86X4+NOwLsk=
github.com/luxfi/node v1.22.14/go.mod h1:uAAABB2ny8xOGueJGw3euXA9nadf73100qj+Ei2hiG0=
github.com/luxfi/p2p v1.18.4 h1:Ml1lwn2onWy4nTmA8IhJLvyCCQ05Q/1mfnPt+3LTIxQ=
github.com/luxfi/sampler v1.0.0 h1:k8Sf6otW83w4pQp0jXLA+g3J/joB7w7SqXQsWmNTOV0=
github.com/luxfi/trace v0.1.4 h1:ttCRyXGwWuz232se+lIUqhWHBoTuvPLhHH/hLWyqtaM=
github.com/luxfi/utils v1.1.0 h1:ti7HvjNwJd4ILDMERJtOAWE9mF8l+zqDVkgWnF7Agic=
github.com/luxfi/vm v1.0.2 h1:JnMm6QTh1nwWKXFy4Qf9Ej38KyXzFeprcy3Rp8/516s=
github.com/luxfi/warp v1.18.2 h1:TWmXjKXI7nxaDOnXIrw8BQTI/nCEniA17bs06bwNB4Q=
github.com/mr-tron/base58 v1.2.0 h1:T/HDJBh4ZCPbU39/+c3rRvE0uKBQlU27+QI8LJ4t64o=
github.com/munnerz/goautoneg v0.0.0-20191010083416-a7dc8b61c822 h1:C3w9PqII01/Oq1c1nUAm88MOHcQC9l5mIlSMApZMrHA=
github.com/nxadm/tail v1.4.8 h1:nPr65rt6Y5JFSKQO7qToXr7pePgD6Gwiw05lkbyAQTE=
github.com/onsi/ginkgo v1.16.5 h1:8xi0RTUf59SOSfEtZMvwTvXYMzG4gV23XVHOZiXNtnE=
github.com/onsi/gomega v1.38.3 h1:eTX+W6dobAYfFeGC2PV6RwXRu/MyT+cQguijutvkpSM=
github.com/pingcap/errors v0.11.5-0.20210425183316-da1aaba5fb63 h1:+FZIDR/D97YOPik4N4lPDaUcLDF/EQPogxtlHB2ZZRM=
github.com/pires/go-proxyproto v0.8.1 h1:9KEixbdJfhrbtjpz/ZwCdWDD2Xem0NZ38qMYaASJgp0=
github.com/pkg/errors v0.9.1 h1:FEBLx1zS214owpjy7qsBeixbURkuhQAwrK5UwLGTwt4=
github.com/pmezard/go-difflib v1.0.1-0.20181226105442-5d4384ee4fb2 h1:Jamvg5psRIccs7FGNTlIRMkT8wgtp5eCXdBlqhYGL6U=
github.com/prometheus/client_golang v1.23.2 h1:Je96obch5RDVy3FDMndoUsjAhG5Edi49h0RJWRi/o0o=
github.com/prometheus/client_model v0.6.2 h1:oBsgwpGs7iVziMvrGhE53c/GrLUsZdHnqNwqPLxwZyk=
github.com/prometheus/common v0.67.5 h1:pIgK94WWlQt1WLwAC5j2ynLaBRDiinoAb86HZHTUGI4=
github.com/prometheus/procfs v0.19.2 h1:zUMhqEW66Ex7OXIiDkll3tl9a1ZdilUOd/F6ZXw4Vws=
github.com/rogpeppe/go-internal v1.14.1 h1:UQB4HGPB6osV0SQTLymcB4TgvyWu6ZyliaW0tI/otEQ=
github.com/rs/cors v1.11.1 h1:eU3gRzXLRK57F5rKMGMZURNdIG4EoAmX8k94r9wXWHA=
github.com/sanity-io/litter v1.5.5 h1:iE+sBxPBzoK6uaEP5Lt3fHNgpKcHXc/A2HGETy0uJQo=
github.com/spaolacci/murmur3 v1.1.0 h1:7c1g84S4BPRrfL5Xrdp6fOJ206sU9y293DDHaoy0bLI=
github.com/stretchr/testify v1.11.1 h1:7s2iGBzp5EwR7/aIZr8ao5+dra3wiQyKjjFuvgVKu7U=
github.com/supranational/blst v0.3.16 h1:bTDadT+3fK497EvLdWRQEjiGnUtzJ7jjIUMF0jqwYhE=
github.com/syndtr/goleveldb v1.0.1-0.20220614013038-64ee5596c38a h1:1ur3QoCqvE5fl+nylMaIr9PVV1w343YRDtsy+Rwu7XI=
github.com/thepudds/fzgen v0.4.3 h1:srUP/34BulQaEwPP/uHZkdjUcUjIzL7Jkf4CBVryiP8=
go.opentelemetry.io/auto/sdk v1.2.1 h1:jXsnJ4Lmnqd11kwkBV2LgLoFMZKizbCi5fNZ/ipaZ64=
go.opentelemetry.io/otel v1.39.0 h1:8yPrr/S0ND9QEfTfdP9V+SiwT4E0G7Y5MO7p85nis48=
go.opentelemetry.io/otel/exporters/otlp/otlptrace v1.39.0 h1:f0cb2XPmrqn4XMy9PNliTgRKJgS5WcL/u0/WRYGz4t0=
go.opentelemetry.io/otel/exporters/otlp/otlptrace/otlptracegrpc v1.39.0 h1:in9O8ESIOlwJAEGTkkf34DesGRAc/Pn8qJ7k3r/42LM=
go.opentelemetry.io/otel/exporters/otlp/otlptrace/otlptracehttp v1.39.0 h1:Ckwye2FpXkYgiHX7fyVrN1uA/UYd9ounqqTuSNAv0k4=
go.opentelemetry.io/otel/metric v1.39.0 h1:d1UzonvEZriVfpNKEVmHXbdf909uGTOQjA0HF0Ls5Q0=
go.opentelemetry.io/otel/sdk v1.39.0 h1:nMLYcjVsvdui1B/4FRkwjzoRVsMK8uL/cj0OyhKzt18=
go.opentelemetry.io/otel/sdk/metric v1.39.0 h1:cXMVVFVgsIf2YL6QkRF4Urbr/aMInf+2WKg+sEJTtB8=
go.opentelemetry.io/otel/trace v1.39.0 h1:2d2vfpEDmCJ5zVYz7ijaJdOF59xLomrvj7bjt6/qCJI=
go.opentelemetry.io/proto/otlp v1.9.0 h1:l706jCMITVouPOqEnii2fIAuO3IVGBRPV5ICjceRb/A=
go.uber.org/atomic v1.11.0 h1:ZvwS0R+56ePWxUNi+Atn9dWONBPp/AUETXlHW0DxSjE=
go.uber.org/goleak v1.3.0 h1:2K3zAYmnTNqV73imy9J1T3WC+gmCePx2hEGkimedGto=
go.uber.org/mock v0.6.0 h1:hyF9dfmbgIX5EfOdasqLsWD6xqpNZlXblLB/Dbnwv3Y=
go.uber.org/multierr v1.11.0 h1:blXXJkSxSSfBVBlC76pxqeO+LN3aDfLQo+309xJstO0=
go.uber.org/zap v1.27.1 h1:08RqriUEv8+ArZRYSTXy1LeBScaMpVSTBhCeaZYfMYc=
go.yaml.in/yaml/v2 v2.4.3 h1:6gvOSjQoTB3vt1l+CU+tSyi/HOjfOjRLJ4YwYZGwRO0=
go.yaml.in/yaml/v3 v3.0.4 h1:tfq32ie2Jv2UxXFdLJdh3jXuOzWiL1fo0bu/FbuKpbc=
golang.org/x/crypto v0.46.0 h1:cKRW/pmt1pKAfetfu+RCEvjvZkA9RimPbh7bhFjGVBU=
golang.org/x/exp v0.0.0-20251219203646-944ab1f22d93 h1:fQsdNF2N+/YewlRZiricy4P1iimyPKZ/xwniHj8Q2a0=
golang.org/x/net v0.48.0 h1:zyQRTTrjc33Lhh0fBgT/H3oZq9WuvRR5gPC70xpDiQU=
golang.org/x/sync v0.19.0 h1:vV+1eWNmZ5geRlYjzm2adRgW2/mcpevXNg50YZtPCE4=
golang.org/x/sys v0.39.0 h1:CvCKL8MeisomCi6qNZ+wbb0DN9E5AATixKsvNtMoMFk=
golang.org/x/text v0.32.0 h1:ZD01bjUt1FQ9WJ0ClOL5vxgxOI/sVCNgX1YtKwcY0mU=
golang.org/x/time v0.14.0 h1:MRx4UaLrDotUKUdCIqzPC48t1Y9hANFKIRpNx+Te8PI=
gonum.org/v1/gonum v0.16.0 h1:5+ul4Swaf3ESvrOnidPp4GZbzf0mxVQpDCYUQE7OJfk=
google.golang.org/genproto/googleapis/api v0.0.0-20251222181119-0a764e51fe1b h1:uA40e2M6fYRBf0+8uN5mLlqUtV192iiksiICIBkYJ1E=
google.golang.org/genproto/googleapis/rpc v0.0.0-20251222181119-0a764e51fe1b h1:Mv8VFug0MP9e5vUxfBcE3vUkV6CImK3cMNMIDFjmzxU=
google.golang.org/grpc v1.78.0 h1:K1XZG/yGDJnzMdd/uZHAkVqJE+xIDOcmdSFZkBUicNc=
google.golang.org/protobuf v1.36.11 h1:fV6ZwhNocDyBLK0dj+fg8ektcVegBBuEolpbTQyBNVE=
gopkg.in/check.v1 v1.0.0-20201130134442-10cb98267c6c h1:Hei/4ADfdWqJk1ZMxUNpqntNwaWcugrBjAiHlqqRiVk=
gopkg.in/natefinch/lumberjack.v2 v2.2.1 h1:bBRl1b0OH9s/DuPhuXpNl+VtCaJXFZ5/uEFST95x9zc=
gopkg.in/tomb.v1 v1.0.0-20141024135613-dd632973f1e7 h1:uRGJdciOHaEIrze2W8Q3AKkepLTh2hOroT7a+7czfdQ=
gopkg.in/yaml.v3 v3.0.1 h1:fxVm/GzAzEWqLHuvctI91KS9hhNmmWOoWu0XTYJS7CA=
